
Microsoft Visual Studio Solution File, Format Version 12.00
# Visual Studio Version 17
VisualStudioVersion = 17.8.34525.116
MinimumVisualStudioVersion = 10.0.40219.1
Project("{FAE04EC0-301F-11D3-BF4B-00C04F79EFBC}") = "Exceptions", "Exceptions\Exceptions.csproj", "{F9C4CA05-BAE4-4CE9-AF94-A94AADA2C4D6}"
EndProject
Global
	GlobalSection(SolutionConfigurationPlatforms) = preSolution
		Debug|Any CPU = Debug|Any CPU
		Release|Any CPU = Release|Any CPU
	EndGlobalSection
	GlobalSection(ProjectConfigurationPlatforms) = postSolution
		{F9C4CA05-BAE4-4CE9-AF94-A94AADA2C4D6}.Debug|Any CPU.ActiveCfg = Debug|Any CPU
		{F9C4CA05-BAE4-4CE9-AF94-A94AADA2C4D6}.Debug|Any CPU.Build.0 = Debug|Any CPU
		{F9C4CA05-BAE4-4CE9-AF94-A94AADA2C4D6}.Release|Any CPU.ActiveCfg = Release|Any CPU
		{F9C4CA05-BAE4-4CE9-AF94-A94AADA2C4D6}.Release|Any CPU.Build.0 = Release|Any CPU
	EndGlobalSection
	GlobalSection(SolutionProperties) = preSolution
		HideSolutionNode = FALSE
	EndGlobalSection
	GlobalSection(ExtensibilityGlobals) = postSolution
		SolutionGuid = {4A16E9CE-CE95-4208-96FF-8D26B97F6515}
	EndGlobalSection
EndGlobal
