
Microsoft Visual Studio Solution File, Format Version 12.00
# Visual Studio Version 17
VisualStudioVersion = 17.8.34525.116
MinimumVisualStudioVersion = 10.0.40219.1
Project("{FAE04EC0-301F-11D3-BF4B-00C04F79EFBC}") = "WinFormsApp", "WinFormsApp\WinFormsApp.csproj", "{4E2F944F-A911-40B0-BBB0-ADC914179072}"
EndProject
Global
	GlobalSection(SolutionConfigurationPlatforms) = preSolution
		Debug|Any CPU = Debug|Any CPU
		Release|Any CPU = Release|Any CPU
	EndGlobalSection
	GlobalSection(ProjectConfigurationPlatforms) = postSolution
		{4E2F944F-A911-40B0-BBB0-ADC914179072}.Debug|Any CPU.ActiveCfg = Debug|Any CPU
		{4E2F944F-A911-40B0-BBB0-ADC914179072}.Debug|Any CPU.Build.0 = Debug|Any CPU
		{4E2F944F-A911-40B0-BBB0-ADC914179072}.Release|Any CPU.ActiveCfg = Release|Any CPU
		{4E2F944F-A911-40B0-BBB0-ADC914179072}.Release|Any CPU.Build.0 = Release|Any CPU
	EndGlobalSection
	GlobalSection(SolutionProperties) = preSolution
		HideSolutionNode = FALSE
	EndGlobalSection
	GlobalSection(ExtensibilityGlobals) = postSolution
		SolutionGuid = {7C4E8528-2070-4AD6-8762-13AD731A93A7}
	EndGlobalSection
EndGlobal
