
Microsoft Visual Studio Solution File, Format Version 12.00
# Visual Studio Version 17
VisualStudioVersion = 17.8.34525.116
MinimumVisualStudioVersion = 10.0.40219.1
Project("{FAE04EC0-301F-11D3-BF4B-00C04F79EFBC}") = "ch12-classes", "ch12-classes\ch12-classes.csproj", "{AEF45BD6-A62F-4D78-BED6-3BE96F8C03BF}"
EndProject
Global
	GlobalSection(SolutionConfigurationPlatforms) = preSolution
		Debug|Any CPU = Debug|Any CPU
		Release|Any CPU = Release|Any CPU
	EndGlobalSection
	GlobalSection(ProjectConfigurationPlatforms) = postSolution
		{AEF45BD6-A62F-4D78-BED6-3BE96F8C03BF}.Debug|Any CPU.ActiveCfg = Debug|Any CPU
		{AEF45BD6-A62F-4D78-BED6-3BE96F8C03BF}.Debug|Any CPU.Build.0 = Debug|Any CPU
		{AEF45BD6-A62F-4D78-BED6-3BE96F8C03BF}.Release|Any CPU.ActiveCfg = Release|Any CPU
		{AEF45BD6-A62F-4D78-BED6-3BE96F8C03BF}.Release|Any CPU.Build.0 = Release|Any CPU
	EndGlobalSection
	GlobalSection(SolutionProperties) = preSolution
		HideSolutionNode = FALSE
	EndGlobalSection
	GlobalSection(ExtensibilityGlobals) = postSolution
		SolutionGuid = {AE4325D3-D17C-47D5-BBA4-9E737C0D0C4D}
	EndGlobalSection
EndGlobal
