
Microsoft Visual Studio Solution File, Format Version 12.00
# Visual Studio Version 17
VisualStudioVersion = 17.8.34525.116
MinimumVisualStudioVersion = 10.0.40219.1
Project("{FAE04EC0-301F-11D3-BF4B-00C04F79EFBC}") = "Lab08_1_A_WorkingWithCollections", "Lab08_1_A_WorkingWithCollections\Lab08_1_A_WorkingWithCollections.csproj", "{3958D93E-3957-4FE3-BC75-B9FE1F8B15F8}"
EndProject
Global
	GlobalSection(SolutionConfigurationPlatforms) = preSolution
		Debug|Any CPU = Debug|Any CPU
		Release|Any CPU = Release|Any CPU
	EndGlobalSection
	GlobalSection(ProjectConfigurationPlatforms) = postSolution
		{3958D93E-3957-4FE3-BC75-B9FE1F8B15F8}.Debug|Any CPU.ActiveCfg = Debug|Any CPU
		{3958D93E-3957-4FE3-BC75-B9FE1F8B15F8}.Debug|Any CPU.Build.0 = Debug|Any CPU
		{3958D93E-3957-4FE3-BC75-B9FE1F8B15F8}.Release|Any CPU.ActiveCfg = Release|Any CPU
		{3958D93E-3957-4FE3-BC75-B9FE1F8B15F8}.Release|Any CPU.Build.0 = Release|Any CPU
	EndGlobalSection
	GlobalSection(SolutionProperties) = preSolution
		HideSolutionNode = FALSE
	EndGlobalSection
	GlobalSection(ExtensibilityGlobals) = postSolution
		SolutionGuid = {644644EF-ABE1-4F18-93C4-6BC62A11EF80}
	EndGlobalSection
EndGlobal
