
Microsoft Visual Studio Solution File, Format Version 12.00
# Visual Studio Version 17
VisualStudioVersion = 17.8.34525.116
MinimumVisualStudioVersion = 10.0.40219.1
Project("{FAE04EC0-301F-11D3-BF4B-00C04F79EFBC}") = "GuessingGame", "GuessingGame\GuessingGame.csproj", "{06C13F00-8FE3-43BF-A2D9-F952C8CC7EB0}"
EndProject
Global
	GlobalSection(SolutionConfigurationPlatforms) = preSolution
		Debug|Any CPU = Debug|Any CPU
		Release|Any CPU = Release|Any CPU
	EndGlobalSection
	GlobalSection(ProjectConfigurationPlatforms) = postSolution
		{06C13F00-8FE3-43BF-A2D9-F952C8CC7EB0}.Debug|Any CPU.ActiveCfg = Debug|Any CPU
		{06C13F00-8FE3-43BF-A2D9-F952C8CC7EB0}.Debug|Any CPU.Build.0 = Debug|Any CPU
		{06C13F00-8FE3-43BF-A2D9-F952C8CC7EB0}.Release|Any CPU.ActiveCfg = Release|Any CPU
		{06C13F00-8FE3-43BF-A2D9-F952C8CC7EB0}.Release|Any CPU.Build.0 = Release|Any CPU
	EndGlobalSection
	GlobalSection(SolutionProperties) = preSolution
		HideSolutionNode = FALSE
	EndGlobalSection
	GlobalSection(ExtensibilityGlobals) = postSolution
		SolutionGuid = {D6AC8BD3-1AC9-4DA0-9545-E9CD3B91E97D}
	EndGlobalSection
EndGlobal
