
Microsoft Visual Studio Solution File, Format Version 12.00
# Visual Studio Version 17
VisualStudioVersion = 17.8.34525.116
MinimumVisualStudioVersion = 10.0.40219.1
Project("{FAE04EC0-301F-11D3-BF4B-00C04F79EFBC}") = "ProductInterface", "ProductInterface\ProductInterface.csproj", "{D3FABB24-A7B6-4681-B9EF-033A4F1518C8}"
EndProject
Global
	GlobalSection(SolutionConfigurationPlatforms) = preSolution
		Debug|Any CPU = Debug|Any CPU
		Release|Any CPU = Release|Any CPU
	EndGlobalSection
	GlobalSection(ProjectConfigurationPlatforms) = postSolution
		{D3FABB24-A7B6-4681-B9EF-033A4F1518C8}.Debug|Any CPU.ActiveCfg = Debug|Any CPU
		{D3FABB24-A7B6-4681-B9EF-033A4F1518C8}.Debug|Any CPU.Build.0 = Debug|Any CPU
		{D3FABB24-A7B6-4681-B9EF-033A4F1518C8}.Release|Any CPU.ActiveCfg = Release|Any CPU
		{D3FABB24-A7B6-4681-B9EF-033A4F1518C8}.Release|Any CPU.Build.0 = Release|Any CPU
	EndGlobalSection
	GlobalSection(SolutionProperties) = preSolution
		HideSolutionNode = FALSE
	EndGlobalSection
	GlobalSection(ExtensibilityGlobals) = postSolution
		SolutionGuid = {ADC3E4C8-7926-4779-82FB-6D7A51C43FEF}
	EndGlobalSection
EndGlobal
