
Microsoft Visual Studio Solution File, Format Version 12.00
# Visual Studio Version 17
VisualStudioVersion = 17.8.34525.116
MinimumVisualStudioVersion = 10.0.40219.1
Project("{FAE04EC0-301F-11D3-BF4B-00C04F79EFBC}") = "Ch14Scope", "Ch14Scope\Ch14Scope.csproj", "{8E63C48D-578C-4328-9A18-4CDEF42B03CF}"
EndProject
Project("{FAE04EC0-301F-11D3-BF4B-00C04F79EFBC}") = "MikesFinFun", "MikesFinFun\MikesFinFun.csproj", "{942C527E-FAB8-4943-8240-7B3EC2B53524}"
EndProject
Global
	GlobalSection(SolutionConfigurationPlatforms) = preSolution
		Debug|Any CPU = Debug|Any CPU
		Release|Any CPU = Release|Any CPU
	EndGlobalSection
	GlobalSection(ProjectConfigurationPlatforms) = postSolution
		{8E63C48D-578C-4328-9A18-4CDEF42B03CF}.Debug|Any CPU.ActiveCfg = Debug|Any CPU
		{8E63C48D-578C-4328-9A18-4CDEF42B03CF}.Debug|Any CPU.Build.0 = Debug|Any CPU
		{8E63C48D-578C-4328-9A18-4CDEF42B03CF}.Release|Any CPU.ActiveCfg = Release|Any CPU
		{8E63C48D-578C-4328-9A18-4CDEF42B03CF}.Release|Any CPU.Build.0 = Release|Any CPU
		{942C527E-FAB8-4943-8240-7B3EC2B53524}.Debug|Any CPU.ActiveCfg = Debug|Any CPU
		{942C527E-FAB8-4943-8240-7B3EC2B53524}.Debug|Any CPU.Build.0 = Debug|Any CPU
		{942C527E-FAB8-4943-8240-7B3EC2B53524}.Release|Any CPU.ActiveCfg = Release|Any CPU
		{942C527E-FAB8-4943-8240-7B3EC2B53524}.Release|Any CPU.Build.0 = Release|Any CPU
	EndGlobalSection
	GlobalSection(SolutionProperties) = preSolution
		HideSolutionNode = FALSE
	EndGlobalSection
	GlobalSection(ExtensibilityGlobals) = postSolution
		SolutionGuid = {971AAE85-7E2C-4818-BB7F-A47402684BB6}
	EndGlobalSection
EndGlobal
