
Microsoft Visual Studio Solution File, Format Version 12.00
# Visual Studio Version 17
VisualStudioVersion = 17.8.34525.116
MinimumVisualStudioVersion = 10.0.40219.1
Project("{FAE04EC0-301F-11D3-BF4B-00C04F79EFBC}") = "FormsProject", "FormsProject\FormsProject.csproj", "{F177AFB7-3118-4A41-A460-F0D476605779}"
EndProject
Global
	GlobalSection(SolutionConfigurationPlatforms) = preSolution
		Debug|Any CPU = Debug|Any CPU
		Release|Any CPU = Release|Any CPU
	EndGlobalSection
	GlobalSection(ProjectConfigurationPlatforms) = postSolution
		{F177AFB7-3118-4A41-A460-F0D476605779}.Debug|Any CPU.ActiveCfg = Debug|Any CPU
		{F177AFB7-3118-4A41-A460-F0D476605779}.Debug|Any CPU.Build.0 = Debug|Any CPU
		{F177AFB7-3118-4A41-A460-F0D476605779}.Release|Any CPU.ActiveCfg = Release|Any CPU
		{F177AFB7-3118-4A41-A460-F0D476605779}.Release|Any CPU.Build.0 = Release|Any CPU
	EndGlobalSection
	GlobalSection(SolutionProperties) = preSolution
		HideSolutionNode = FALSE
	EndGlobalSection
	GlobalSection(ExtensibilityGlobals) = postSolution
		SolutionGuid = {0A002297-46CE-4E96-A493-D83235F39BF2}
	EndGlobalSection
EndGlobal
